
Microsoft Visual Studio Solution File, Format Version 12.00
# Visual Studio Version 16
VisualStudioVersion = 16.0.30804.86
MinimumVisualStudioVersion = 10.0.40219.1
Project("{9A19103F-16F7-4668-BE54-9A1E7A4F7556}") = "dot-net-facial-recognition-sdk-sample", "dot-net-facial-recognition-sdk-sample\dot-net-facial-recognition-sdk-sample.csproj", "{FFDFE241-026D-44BA-9DD0-86AB72E5236A}"
EndProject
Global
	GlobalSection(SolutionConfigurationPlatforms) = preSolution
		Debug|Any CPU = Debug|Any CPU
		Release|Any CPU = Release|Any CPU
	EndGlobalSection
	GlobalSection(ProjectConfigurationPlatforms) = postSolution
		{FFDFE241-026D-44BA-9DD0-86AB72E5236A}.Debug|Any CPU.ActiveCfg = Debug|Any CPU
		{FFDFE241-026D-44BA-9DD0-86AB72E5236A}.Debug|Any CPU.Build.0 = Debug|Any CPU
		{FFDFE241-026D-44BA-9DD0-86AB72E5236A}.Release|Any CPU.ActiveCfg = Release|Any CPU
		{FFDFE241-026D-44BA-9DD0-86AB72E5236A}.Release|Any CPU.Build.0 = Release|Any CPU
	EndGlobalSection
	GlobalSection(SolutionProperties) = preSolution
		HideSolutionNode = FALSE
	EndGlobalSection
	GlobalSection(ExtensibilityGlobals) = postSolution
		SolutionGuid = {8768C71E-B688-4032-AE53-2F18DE10DDBD}
	EndGlobalSection
EndGlobal
